
Microsoft Visual Studio Solution File, Format Version 12.00
# Visual Studio 2012
Project("{FAE04EC0-301F-11D3-BF4B-00C04F79EFBC}") = "test_api", "test_api\test_api.csproj", "{F02DC418-288E-42A2-A196-9C773B3BE449}"
EndProject
Project("{FAE04EC0-301F-11D3-BF4B-00C04F79EFBC}") = "AJCommon", "AJCommon\AJCommon.csproj", "{C0BA91C7-110C-4468-8708-14EDE2E8749E}"
EndProject
Project("{FAE04EC0-301F-11D3-BF4B-00C04F79EFBC}") = "AJDataBase", "AJDataBase\AJDataBase.csproj", "{D7CE2263-D6B4-42FD-A6A4-AAAC2AE0728B}"
EndProject
Project("{FAE04EC0-301F-11D3-BF4B-00C04F79EFBC}") = "AJDataClass", "AJDataClass\AJDataClass.csproj", "{1F733FFD-3D21-41B4-A64A-91BD24DEEB21}"
EndProject
Project("{FAE04EC0-301F-11D3-BF4B-00C04F79EFBC}") = "AJEnums", "AJEnum\AJEnums.csproj", "{771BBB34-599C-471D-82C3-A5AE603AF992}"
EndProject
Global
	GlobalSection(SolutionConfigurationPlatforms) = preSolution
		Debug|Any CPU = Debug|Any CPU
		Release|Any CPU = Release|Any CPU
	EndGlobalSection
	GlobalSection(ProjectConfigurationPlatforms) = postSolution
		{F02DC418-288E-42A2-A196-9C773B3BE449}.Debug|Any CPU.ActiveCfg = Debug|Any CPU
		{F02DC418-288E-42A2-A196-9C773B3BE449}.Debug|Any CPU.Build.0 = Debug|Any CPU
		{F02DC418-288E-42A2-A196-9C773B3BE449}.Release|Any CPU.ActiveCfg = Release|Any CPU
		{F02DC418-288E-42A2-A196-9C773B3BE449}.Release|Any CPU.Build.0 = Release|Any CPU
		{C0BA91C7-110C-4468-8708-14EDE2E8749E}.Debug|Any CPU.ActiveCfg = Debug|Any CPU
		{C0BA91C7-110C-4468-8708-14EDE2E8749E}.Debug|Any CPU.Build.0 = Debug|Any CPU
		{C0BA91C7-110C-4468-8708-14EDE2E8749E}.Release|Any CPU.ActiveCfg = Release|Any CPU
		{C0BA91C7-110C-4468-8708-14EDE2E8749E}.Release|Any CPU.Build.0 = Release|Any CPU
		{D7CE2263-D6B4-42FD-A6A4-AAAC2AE0728B}.Debug|Any CPU.ActiveCfg = Debug|Any CPU
		{D7CE2263-D6B4-42FD-A6A4-AAAC2AE0728B}.Debug|Any CPU.Build.0 = Debug|Any CPU
		{D7CE2263-D6B4-42FD-A6A4-AAAC2AE0728B}.Release|Any CPU.ActiveCfg = Release|Any CPU
		{D7CE2263-D6B4-42FD-A6A4-AAAC2AE0728B}.Release|Any CPU.Build.0 = Release|Any CPU
		{1F733FFD-3D21-41B4-A64A-91BD24DEEB21}.Debug|Any CPU.ActiveCfg = Debug|Any CPU
		{1F733FFD-3D21-41B4-A64A-91BD24DEEB21}.Debug|Any CPU.Build.0 = Debug|Any CPU
		{1F733FFD-3D21-41B4-A64A-91BD24DEEB21}.Release|Any CPU.ActiveCfg = Release|Any CPU
		{1F733FFD-3D21-41B4-A64A-91BD24DEEB21}.Release|Any CPU.Build.0 = Release|Any CPU
		{771BBB34-599C-471D-82C3-A5AE603AF992}.Debug|Any CPU.ActiveCfg = Debug|Any CPU
		{771BBB34-599C-471D-82C3-A5AE603AF992}.Debug|Any CPU.Build.0 = Debug|Any CPU
		{771BBB34-599C-471D-82C3-A5AE603AF992}.Release|Any CPU.ActiveCfg = Release|Any CPU
		{771BBB34-599C-471D-82C3-A5AE603AF992}.Release|Any CPU.Build.0 = Release|Any CPU
	EndGlobalSection
	GlobalSection(SolutionProperties) = preSolution
		HideSolutionNode = FALSE
	EndGlobalSection
EndGlobal
