
Microsoft Visual Studio Solution File, Format Version 12.00
# Visual Studio 2012
Project("{FAE04EC0-301F-11D3-BF4B-00C04F79EFBC}") = "AJDataBase", "AJDataBase.csproj", "{D7CE2263-D6B4-42FD-A6A4-AAAC2AE0728B}"
EndProject
Project("{FAE04EC0-301F-11D3-BF4B-00C04F79EFBC}") = "AJDataClass", "..\AJDataClass\AJDataClass.csproj", "{1F733FFD-3D21-41B4-A64A-91BD24DEEB21}"
EndProject
Global
	GlobalSection(SolutionConfigurationPlatforms) = preSolution
		Debug|Any CPU = Debug|Any CPU
		Release|Any CPU = Release|Any CPU
	EndGlobalSection
	GlobalSection(ProjectConfigurationPlatforms) = postSolution
		{D7CE2263-D6B4-42FD-A6A4-AAAC2AE0728B}.Debug|Any CPU.ActiveCfg = Debug|Any CPU
		{D7CE2263-D6B4-42FD-A6A4-AAAC2AE0728B}.Debug|Any CPU.Build.0 = Debug|Any CPU
		{D7CE2263-D6B4-42FD-A6A4-AAAC2AE0728B}.Release|Any CPU.ActiveCfg = Release|Any CPU
		{D7CE2263-D6B4-42FD-A6A4-AAAC2AE0728B}.Release|Any CPU.Build.0 = Release|Any CPU
		{1F733FFD-3D21-41B4-A64A-91BD24DEEB21}.Debug|Any CPU.ActiveCfg = Debug|Any CPU
		{1F733FFD-3D21-41B4-A64A-91BD24DEEB21}.Debug|Any CPU.Build.0 = Debug|Any CPU
		{1F733FFD-3D21-41B4-A64A-91BD24DEEB21}.Release|Any CPU.ActiveCfg = Release|Any CPU
		{1F733FFD-3D21-41B4-A64A-91BD24DEEB21}.Release|Any CPU.Build.0 = Release|Any CPU
	EndGlobalSection
	GlobalSection(SolutionProperties) = preSolution
		HideSolutionNode = FALSE
	EndGlobalSection
EndGlobal
